
Microsoft Visual Studio Solution File, Format Version 12.00
# Visual Studio Version 17
VisualStudioVersion = 17.2.32519.379
MinimumVisualStudioVersion = 10.0.40219.1
Project("{FAE04EC0-301F-11D3-BF4B-00C04F79EFBC}") = "MyWinApp", "MyWinApp.csproj", "{B4BB40FC-6372-4461-9BB5-420BCAD39761}"
EndProject
Project("{FAE04EC0-301F-11D3-BF4B-00C04F79EFBC}") = "DemoCommonControls", "..\DemoCommonControls\DemoCommonControls.csproj", "{767B9772-ABCB-4618-8B83-D90BE47E82A7}"
EndProject
Global
	GlobalSection(SolutionConfigurationPlatforms) = preSolution
		Debug|Any CPU = Debug|Any CPU
		Release|Any CPU = Release|Any CPU
	EndGlobalSection
	GlobalSection(ProjectConfigurationPlatforms) = postSolution
		{B4BB40FC-6372-4461-9BB5-420BCAD39761}.Debug|Any CPU.ActiveCfg = Debug|Any CPU
		{B4BB40FC-6372-4461-9BB5-420BCAD39761}.Debug|Any CPU.Build.0 = Debug|Any CPU
		{B4BB40FC-6372-4461-9BB5-420BCAD39761}.Release|Any CPU.ActiveCfg = Release|Any CPU
		{B4BB40FC-6372-4461-9BB5-420BCAD39761}.Release|Any CPU.Build.0 = Release|Any CPU
		{767B9772-ABCB-4618-8B83-D90BE47E82A7}.Debug|Any CPU.ActiveCfg = Debug|Any CPU
		{767B9772-ABCB-4618-8B83-D90BE47E82A7}.Debug|Any CPU.Build.0 = Debug|Any CPU
		{767B9772-ABCB-4618-8B83-D90BE47E82A7}.Release|Any CPU.ActiveCfg = Release|Any CPU
		{767B9772-ABCB-4618-8B83-D90BE47E82A7}.Release|Any CPU.Build.0 = Release|Any CPU
	EndGlobalSection
	GlobalSection(SolutionProperties) = preSolution
		HideSolutionNode = FALSE
	EndGlobalSection
	GlobalSection(ExtensibilityGlobals) = postSolution
		SolutionGuid = {395EB8B6-160D-4750-8D63-C0F27589E9F2}
	EndGlobalSection
EndGlobal
