
Microsoft Visual Studio Solution File, Format Version 12.00
# Visual Studio Version 17
VisualStudioVersion = 17.2.32519.379
MinimumVisualStudioVersion = 10.0.40219.1
Project("{FAE04EC0-301F-11D3-BF4B-00C04F79EFBC}") = "test", "test.csproj", "{8522AE2F-656F-4323-84B6-119C49E81E66}"
EndProject
Global
	GlobalSection(SolutionConfigurationPlatforms) = preSolution
		Debug|Any CPU = Debug|Any CPU
		Release|Any CPU = Release|Any CPU
	EndGlobalSection
	GlobalSection(ProjectConfigurationPlatforms) = postSolution
		{8522AE2F-656F-4323-84B6-119C49E81E66}.Debug|Any CPU.ActiveCfg = Debug|Any CPU
		{8522AE2F-656F-4323-84B6-119C49E81E66}.Debug|Any CPU.Build.0 = Debug|Any CPU
		{8522AE2F-656F-4323-84B6-119C49E81E66}.Release|Any CPU.ActiveCfg = Release|Any CPU
		{8522AE2F-656F-4323-84B6-119C49E81E66}.Release|Any CPU.Build.0 = Release|Any CPU
	EndGlobalSection
	GlobalSection(SolutionProperties) = preSolution
		HideSolutionNode = FALSE
	EndGlobalSection
	GlobalSection(ExtensibilityGlobals) = postSolution
		SolutionGuid = {FB70E324-AA1D-4C27-9DB7-CF0D39786454}
	EndGlobalSection
EndGlobal
