
Microsoft Visual Studio Solution File, Format Version 12.00
# Visual Studio Version 17
VisualStudioVersion = 17.2.32519.379
MinimumVisualStudioVersion = 10.0.40219.1
Project("{FAE04EC0-301F-11D3-BF4B-00C04F79EFBC}") = "DataAccess", "DataAccess\DataAccess.csproj", "{81178062-5F28-4467-9C96-DE9839C45E7F}"
EndProject
Project("{FAE04EC0-301F-11D3-BF4B-00C04F79EFBC}") = "BusinessObject", "BusinessObject\BusinessObject.csproj", "{C930BB90-6A59-4769-8C09-8AD390978ADE}"
EndProject
Project("{FAE04EC0-301F-11D3-BF4B-00C04F79EFBC}") = "MyStoreWinApp", "MyStoreWinApp\MyStoreWinApp.csproj", "{B4857232-E1FF-416D-99B0-7439A6093E39}"
EndProject
Project("{2150E333-8FDC-42A3-9474-1A3956D46DE8}") = "1.Presentation Layer", "1.Presentation Layer", "{C9A7FBF4-DD16-4731-BDA5-34690967F61B}"
EndProject
Project("{2150E333-8FDC-42A3-9474-1A3956D46DE8}") = "2.Business Layer", "2.Business Layer", "{2E1C82D4-0C82-4EA5-B9C5-FB10ECF37F3F}"
EndProject
Project("{2150E333-8FDC-42A3-9474-1A3956D46DE8}") = "3.Data Layer", "3.Data Layer", "{430CF7EF-C546-43CF-B946-5751696E5F43}"
EndProject
Global
	GlobalSection(SolutionConfigurationPlatforms) = preSolution
		Debug|Any CPU = Debug|Any CPU
		Release|Any CPU = Release|Any CPU
	EndGlobalSection
	GlobalSection(ProjectConfigurationPlatforms) = postSolution
		{81178062-5F28-4467-9C96-DE9839C45E7F}.Debug|Any CPU.ActiveCfg = Debug|Any CPU
		{81178062-5F28-4467-9C96-DE9839C45E7F}.Debug|Any CPU.Build.0 = Debug|Any CPU
		{81178062-5F28-4467-9C96-DE9839C45E7F}.Release|Any CPU.ActiveCfg = Release|Any CPU
		{81178062-5F28-4467-9C96-DE9839C45E7F}.Release|Any CPU.Build.0 = Release|Any CPU
		{C930BB90-6A59-4769-8C09-8AD390978ADE}.Debug|Any CPU.ActiveCfg = Debug|Any CPU
		{C930BB90-6A59-4769-8C09-8AD390978ADE}.Debug|Any CPU.Build.0 = Debug|Any CPU
		{C930BB90-6A59-4769-8C09-8AD390978ADE}.Release|Any CPU.ActiveCfg = Release|Any CPU
		{C930BB90-6A59-4769-8C09-8AD390978ADE}.Release|Any CPU.Build.0 = Release|Any CPU
		{B4857232-E1FF-416D-99B0-7439A6093E39}.Debug|Any CPU.ActiveCfg = Debug|Any CPU
		{B4857232-E1FF-416D-99B0-7439A6093E39}.Debug|Any CPU.Build.0 = Debug|Any CPU
		{B4857232-E1FF-416D-99B0-7439A6093E39}.Release|Any CPU.ActiveCfg = Release|Any CPU
		{B4857232-E1FF-416D-99B0-7439A6093E39}.Release|Any CPU.Build.0 = Release|Any CPU
	EndGlobalSection
	GlobalSection(SolutionProperties) = preSolution
		HideSolutionNode = FALSE
	EndGlobalSection
	GlobalSection(NestedProjects) = preSolution
		{81178062-5F28-4467-9C96-DE9839C45E7F} = {430CF7EF-C546-43CF-B946-5751696E5F43}
		{C930BB90-6A59-4769-8C09-8AD390978ADE} = {2E1C82D4-0C82-4EA5-B9C5-FB10ECF37F3F}
		{B4857232-E1FF-416D-99B0-7439A6093E39} = {C9A7FBF4-DD16-4731-BDA5-34690967F61B}
	EndGlobalSection
	GlobalSection(ExtensibilityGlobals) = postSolution
		SolutionGuid = {0EFAAE5A-36B2-439C-99B9-38F3977BC68B}
	EndGlobalSection
EndGlobal
