
Microsoft Visual Studio Solution File, Format Version 12.00
# Visual Studio Version 17
VisualStudioVersion = 17.2.32505.173
MinimumVisualStudioVersion = 10.0.40219.1
Project("{FAE04EC0-301F-11D3-BF4B-00C04F79EFBC}") = "Inheritance_in_OOP", "Inheritance_in_OOP.csproj", "{AE52B7F3-2E6C-4704-B179-24D8B38A2370}"
EndProject
Global
	GlobalSection(SolutionConfigurationPlatforms) = preSolution
		Debug|Any CPU = Debug|Any CPU
		Release|Any CPU = Release|Any CPU
	EndGlobalSection
	GlobalSection(ProjectConfigurationPlatforms) = postSolution
		{AE52B7F3-2E6C-4704-B179-24D8B38A2370}.Debug|Any CPU.ActiveCfg = Debug|Any CPU
		{AE52B7F3-2E6C-4704-B179-24D8B38A2370}.Debug|Any CPU.Build.0 = Debug|Any CPU
		{AE52B7F3-2E6C-4704-B179-24D8B38A2370}.Release|Any CPU.ActiveCfg = Release|Any CPU
		{AE52B7F3-2E6C-4704-B179-24D8B38A2370}.Release|Any CPU.Build.0 = Release|Any CPU
	EndGlobalSection
	GlobalSection(SolutionProperties) = preSolution
		HideSolutionNode = FALSE
	EndGlobalSection
	GlobalSection(ExtensibilityGlobals) = postSolution
		SolutionGuid = {F0DC859B-16EE-469D-B65B-4DACB655A661}
	EndGlobalSection
EndGlobal
