
Microsoft Visual Studio Solution File, Format Version 12.00
# Visual Studio Version 17
VisualStudioVersion = 17.2.32519.379
MinimumVisualStudioVersion = 10.0.40219.1
Project("{9A19103F-16F7-4668-BE54-9A1E7A4F7556}") = "DemoDataProviderFactory", "DemoDataProviderFactory\DemoDataProviderFactory.csproj", "{A0694D3D-01DA-4A13-B844-5401176304DD}"
EndProject
Project("{FAE04EC0-301F-11D3-BF4B-00C04F79EFBC}") = "ManageCategoriesApp", "ManageCategoriesApp\ManageCategoriesApp.csproj", "{027BAF5A-6AD9-4E30-AF1B-DB6DACB829F5}"
EndProject
Global
	GlobalSection(SolutionConfigurationPlatforms) = preSolution
		Debug|Any CPU = Debug|Any CPU
		Release|Any CPU = Release|Any CPU
	EndGlobalSection
	GlobalSection(ProjectConfigurationPlatforms) = postSolution
		{A0694D3D-01DA-4A13-B844-5401176304DD}.Debug|Any CPU.ActiveCfg = Debug|Any CPU
		{A0694D3D-01DA-4A13-B844-5401176304DD}.Debug|Any CPU.Build.0 = Debug|Any CPU
		{A0694D3D-01DA-4A13-B844-5401176304DD}.Release|Any CPU.ActiveCfg = Release|Any CPU
		{A0694D3D-01DA-4A13-B844-5401176304DD}.Release|Any CPU.Build.0 = Release|Any CPU
		{027BAF5A-6AD9-4E30-AF1B-DB6DACB829F5}.Debug|Any CPU.ActiveCfg = Debug|Any CPU
		{027BAF5A-6AD9-4E30-AF1B-DB6DACB829F5}.Debug|Any CPU.Build.0 = Debug|Any CPU
		{027BAF5A-6AD9-4E30-AF1B-DB6DACB829F5}.Release|Any CPU.ActiveCfg = Release|Any CPU
		{027BAF5A-6AD9-4E30-AF1B-DB6DACB829F5}.Release|Any CPU.Build.0 = Release|Any CPU
	EndGlobalSection
	GlobalSection(SolutionProperties) = preSolution
		HideSolutionNode = FALSE
	EndGlobalSection
	GlobalSection(ExtensibilityGlobals) = postSolution
		SolutionGuid = {256CC153-88FB-4087-9AFF-AA38E8DB1C88}
	EndGlobalSection
EndGlobal
